<?xml version="1.0" encoding="utf-8"?>
<Project ToolsVersion="4.0" xmlns="http://schemas.microsoft.com/developer/msbuild/2003">
  <ItemGroup>
    <ClCompile Include="src\ofApp.cpp">
      <Filter>src</Filter>
    </ClCompile>
    <ClCompile Include="src\main.cpp">
      <Filter>src</Filter>
    </ClCompile>
    <ClCompile Include="src\Audio\SoundLife.cpp">
      <Filter>src\Audio</Filter>
    </ClCompile>
    <ClCompile Include="src\DataLife.cpp">
      <Filter>src</Filter>
    </ClCompile>
    <ClCompile Include="src\LifeManagement.cpp">
      <Filter>src</Filter>
    </ClCompile>
    <ClCompile Include="src\main.cpp">
      <Filter>src</Filter>
    </ClCompile>
    <ClCompile Include="src\Map.cpp">
      <Filter>src</Filter>
    </ClCompile>
    <ClCompile Include="src\ofApp.cpp">
      <Filter>src</Filter>
    </ClCompile>
    <ClCompile Include="src\ofx\ofxNetwork\src\ofxTCPClient.cpp">
      <Filter>src\ofx\ofxNetwork\src</Filter>
    </ClCompile>
    <ClCompile Include="src\ofx\ofxNetwork\src\ofxTCPManager.cpp">
      <Filter>src\ofx\ofxNetwork\src</Filter>
    </ClCompile>
    <ClCompile Include="src\ofx\ofxNetwork\src\ofxTCPServer.cpp">
      <Filter>src\ofx\ofxNetwork\src</Filter>
    </ClCompile>
    <ClCompile Include="src\ofx\ofxNetwork\src\ofxUDPManager.cpp">
      <Filter>src\ofx\ofxNetwork\src</Filter>
    </ClCompile>
    <ClCompile Include="src\ofx\ofxXmlSettings\libs\tinyxml.cpp">
      <Filter>src\ofx\ofxXmlSettings\libs</Filter>
    </ClCompile>
    <ClCompile Include="src\ofx\ofxXmlSettings\libs\tinyxmlerror.cpp">
      <Filter>src\ofx\ofxXmlSettings\libs</Filter>
    </ClCompile>
    <ClCompile Include="src\ofx\ofxXmlSettings\libs\tinyxmlparser.cpp">
      <Filter>src\ofx\ofxXmlSettings\libs</Filter>
    </ClCompile>
    <ClCompile Include="src\ofx\ofxXmlSettings\src\ofxXmlSettings.cpp">
      <Filter>src\ofx\ofxXmlSettings\src</Filter>
    </ClCompile>
    <ClCompile Include="src\SocketServer.cpp">
      <Filter>src</Filter>
    </ClCompile>
    <ClCompile Include="src\Species\Animal.cpp">
      <Filter>src\Species</Filter>
    </ClCompile>
    <ClCompile Include="src\Species\Carnivorous.cpp">
      <Filter>src\Species</Filter>
    </ClCompile>
    <ClCompile Include="src\Species\Herbivorous.cpp">
      <Filter>src\Species</Filter>
    </ClCompile>
    <ClCompile Include="src\Species\Invasive.cpp">
      <Filter>src\Species</Filter>
    </ClCompile>
    <ClCompile Include="src\Species\Species.cpp">
      <Filter>src\Species</Filter>
    </ClCompile>
    <ClCompile Include="src\Species\Vegetable.cpp">
      <Filter>src\Species</Filter>
    </ClCompile>
    <ClCompile Include="src\ToolsLifeGame.cpp">
      <Filter>src</Filter>
    </ClCompile>
  </ItemGroup>
  <ItemGroup>
    <Filter Include="src">
      <UniqueIdentifier>{d8376475-7454-4a24-b08a-aac121d3ad6f}</UniqueIdentifier>
    </Filter>
    <Filter Include="src\Audio">
      <UniqueIdentifier>{69890FBD-57F4-505E-DA25-98AA}</UniqueIdentifier>
    </Filter>
    <Filter Include="src\ofx">
      <UniqueIdentifier>{FBC8285F-B3CA-7440-3FDE-9740}</UniqueIdentifier>
    </Filter>
    <Filter Include="src\ofx\ofxNetwork">
      <UniqueIdentifier>{EC66C373-BEF1-C91B-ADFB-A703}</UniqueIdentifier>
    </Filter>
    <Filter Include="src\ofx\ofxNetwork\docs">
      <UniqueIdentifier>{6389F406-30D4-36BA-A451-D196}</UniqueIdentifier>
    </Filter>
    <Filter Include="src\ofx\ofxNetwork\src">
      <UniqueIdentifier>{22BC49BC-3868-8C9C-3B45-42C8}</UniqueIdentifier>
    </Filter>
    <Filter Include="src\ofx\ofxXmlSettings">
      <UniqueIdentifier>{3238EFA7-C6D2-74F8-F343-3028}</UniqueIdentifier>
    </Filter>
    <Filter Include="src\ofx\ofxXmlSettings\libs">
      <UniqueIdentifier>{7329C306-7245-BE8F-FB6B-D258}</UniqueIdentifier>
    </Filter>
    <Filter Include="src\ofx\ofxXmlSettings\src">
      <UniqueIdentifier>{56BE4DAA-0AFD-B44F-2821-C971}</UniqueIdentifier>
    </Filter>
    <Filter Include="src\Species">
      <UniqueIdentifier>{B15BE963-67C3-EFFD-9E44-1D67}</UniqueIdentifier>
    </Filter>
  </ItemGroup>
  <ItemGroup>
    <ClInclude Include="src\ofApp.h">
      <Filter>src</Filter>
    </ClInclude>
    <ClInclude Include="src\Audio\SoundLife.h">
      <Filter>src\Audio</Filter>
    </ClInclude>
    <ClInclude Include="src\DataLife.h">
      <Filter>src</Filter>
    </ClInclude>
    <ClInclude Include="src\LifeManagement.h">
      <Filter>src</Filter>
    </ClInclude>
    <ClInclude Include="src\Map.h">
      <Filter>src</Filter>
    </ClInclude>
    <ClInclude Include="src\ofApp.h">
      <Filter>src</Filter>
    </ClInclude>
    <ClInclude Include="src\ofx\ofxNetwork\src\ofxNetwork.h">
      <Filter>src\ofx\ofxNetwork\src</Filter>
    </ClInclude>
    <ClInclude Include="src\ofx\ofxNetwork\src\ofxNetworkUtils.h">
      <Filter>src\ofx\ofxNetwork\src</Filter>
    </ClInclude>
    <ClInclude Include="src\ofx\ofxNetwork\src\ofxTCPClient.h">
      <Filter>src\ofx\ofxNetwork\src</Filter>
    </ClInclude>
    <ClInclude Include="src\ofx\ofxNetwork\src\ofxTCPManager.h">
      <Filter>src\ofx\ofxNetwork\src</Filter>
    </ClInclude>
    <ClInclude Include="src\ofx\ofxNetwork\src\ofxTCPServer.h">
      <Filter>src\ofx\ofxNetwork\src</Filter>
    </ClInclude>
    <ClInclude Include="src\ofx\ofxNetwork\src\ofxUDPManager.h">
      <Filter>src\ofx\ofxNetwork\src</Filter>
    </ClInclude>
    <ClInclude Include="src\ofx\ofxXmlSettings\libs\tinyxml.h">
      <Filter>src\ofx\ofxXmlSettings\libs</Filter>
    </ClInclude>
    <ClInclude Include="src\ofx\ofxXmlSettings\src\ofxXmlSettings.h">
      <Filter>src\ofx\ofxXmlSettings\src</Filter>
    </ClInclude>
    <ClInclude Include="src\SocketServer.h">
      <Filter>src</Filter>
    </ClInclude>
    <ClInclude Include="src\Species\Animal.h">
      <Filter>src\Species</Filter>
    </ClInclude>
    <ClInclude Include="src\Species\Carnivorous.h">
      <Filter>src\Species</Filter>
    </ClInclude>
    <ClInclude Include="src\Species\Herbivorous.h">
      <Filter>src\Species</Filter>
    </ClInclude>
    <ClInclude Include="src\Species\Invasive.h">
      <Filter>src\Species</Filter>
    </ClInclude>
    <ClInclude Include="src\Species\Species.h">
      <Filter>src\Species</Filter>
    </ClInclude>
    <ClInclude Include="src\Species\Vegetable.h">
      <Filter>src\Species</Filter>
    </ClInclude>
    <ClInclude Include="src\ToolsLifeGame.h">
      <Filter>src</Filter>
    </ClInclude>
  </ItemGroup>
  <ItemGroup>
    <ResourceCompile Include="icon.rc" />
  </ItemGroup>
  <ItemGroup>
    <Xml Include="config.xml">
      <Filter>src</Filter>
    </Xml>
  </ItemGroup>
</Project>